
Microsoft Visual Studio Solution File, Format Version 12.00
Project("{FAE04EC0-301F-11D3-BF4B-00C04F79EFBC}") = "Laba1", "Laba1\Laba1.csproj", "{7E6E6CEF-8587-4E6E-932D-EF11B58B6177}"
EndProject
Project("{FAE04EC0-301F-11D3-BF4B-00C04F79EFBC}") = "Laba2", "Laba2\Laba2.csproj", "{17F18EB3-6D57-441A-A501-82C66ECC6D56}"
EndProject
Project("{FAE04EC0-301F-11D3-BF4B-00C04F79EFBC}") = "Laba3", "Laba3\Laba3.csproj", "{D7C326EB-771A-4F1F-B77E-8D4DDBA86944}"
EndProject
Project("{FAE04EC0-301F-11D3-BF4B-00C04F79EFBC}") = "LabaTest", "LabaTest\LabaTest.csproj", "{D4E5AF51-A92A-4C4C-8B4E-F8153E5325AD}"
EndProject
Global
	GlobalSection(SolutionConfigurationPlatforms) = preSolution
		Debug|Any CPU = Debug|Any CPU
		Release|Any CPU = Release|Any CPU
	EndGlobalSection
	GlobalSection(ProjectConfigurationPlatforms) = postSolution
		{7E6E6CEF-8587-4E6E-932D-EF11B58B6177}.Debug|Any CPU.ActiveCfg = Debug|Any CPU
		{7E6E6CEF-8587-4E6E-932D-EF11B58B6177}.Debug|Any CPU.Build.0 = Debug|Any CPU
		{7E6E6CEF-8587-4E6E-932D-EF11B58B6177}.Release|Any CPU.ActiveCfg = Release|Any CPU
		{7E6E6CEF-8587-4E6E-932D-EF11B58B6177}.Release|Any CPU.Build.0 = Release|Any CPU
		{17F18EB3-6D57-441A-A501-82C66ECC6D56}.Debug|Any CPU.ActiveCfg = Debug|Any CPU
		{17F18EB3-6D57-441A-A501-82C66ECC6D56}.Debug|Any CPU.Build.0 = Debug|Any CPU
		{17F18EB3-6D57-441A-A501-82C66ECC6D56}.Release|Any CPU.ActiveCfg = Release|Any CPU
		{17F18EB3-6D57-441A-A501-82C66ECC6D56}.Release|Any CPU.Build.0 = Release|Any CPU
		{D7C326EB-771A-4F1F-B77E-8D4DDBA86944}.Debug|Any CPU.ActiveCfg = Debug|Any CPU
		{D7C326EB-771A-4F1F-B77E-8D4DDBA86944}.Debug|Any CPU.Build.0 = Debug|Any CPU
		{D7C326EB-771A-4F1F-B77E-8D4DDBA86944}.Release|Any CPU.ActiveCfg = Release|Any CPU
		{D7C326EB-771A-4F1F-B77E-8D4DDBA86944}.Release|Any CPU.Build.0 = Release|Any CPU
		{D4E5AF51-A92A-4C4C-8B4E-F8153E5325AD}.Debug|Any CPU.ActiveCfg = Debug|Any CPU
		{D4E5AF51-A92A-4C4C-8B4E-F8153E5325AD}.Debug|Any CPU.Build.0 = Debug|Any CPU
		{D4E5AF51-A92A-4C4C-8B4E-F8153E5325AD}.Release|Any CPU.ActiveCfg = Release|Any CPU
		{D4E5AF51-A92A-4C4C-8B4E-F8153E5325AD}.Release|Any CPU.Build.0 = Release|Any CPU
	EndGlobalSection
EndGlobal
